
Microsoft Visual Studio Solution File, Format Version 12.00
# Visual Studio Version 17
VisualStudioVersion = 17.9.34622.214
MinimumVisualStudioVersion = 10.0.40219.1
Project("{2150E333-8FDC-42A3-9474-1A3956D46DE8}") = "Solution Items", "Solution Items", "{8EC462FD-D22E-90A8-E5CE-7E832BA40C5D}"
	ProjectSection(SolutionItems) = preProject
		Directory.Packages.props = Directory.Packages.props
	EndProjectSection
EndProject
Project("{FAE04EC0-301F-11D3-BF4B-00C04F79EFBC}") = "Domain", "Domain\Domain.csproj", "{AD114284-43C9-42F1-9AD6-FCAFB43764BA}"
EndProject
Project("{FAE04EC0-301F-11D3-BF4B-00C04F79EFBC}") = "Infrastructure", "Infrastructure\Infrastructure.csproj", "{A0AAC013-0DF2-44FF-A625-3F361C89C065}"
EndProject
Project("{2150E333-8FDC-42A3-9474-1A3956D46DE8}") = "src", "src", "{02EA681E-C7D8-13C7-8484-4AC65E1B71E8}"
EndProject
Project("{2150E333-8FDC-42A3-9474-1A3956D46DE8}") = "tests", "tests", "{EB9B82A4-7E57-4959-81CC-EA0CFE7B9715}"
EndProject
Project("{E53339B2-1760-4266-BCC7-CA923CBCF16C}") = "docker-compose", "docker-compose.dcproj", "{81DDED9D-158B-E303-5F62-77A2896D2A5A}"
EndProject
Project("{FAE04EC0-301F-11D3-BF4B-00C04F79EFBC}") = "CatalogApi", "src\WebApi\CatalogApi.csproj", "{1B0A04C3-E6BC-0FB7-7994-7C99BDAB1788}"
EndProject
Project("{FAE04EC0-301F-11D3-BF4B-00C04F79EFBC}") = "AuthApi", "src\AuthApi\AuthApi.csproj", "{B080CB40-7A2E-DA7A-BEB8-4707E193B2BD}"
EndProject
Project("{FAE04EC0-301F-11D3-BF4B-00C04F79EFBC}") = "Unit.Tests", "tests\Unit.Tests\Unit.Tests.csproj", "{0B8C18BE-A27C-BAC7-FD37-7945FC72E193}"
EndProject
Global
	GlobalSection(SolutionConfigurationPlatforms) = preSolution
		Debug|Any CPU = Debug|Any CPU
		Release|Any CPU = Release|Any CPU
	EndGlobalSection
	GlobalSection(ProjectConfigurationPlatforms) = postSolution
		{AD114284-43C9-42F1-9AD6-FCAFB43764BA}.Debug|Any CPU.ActiveCfg = Debug|Any CPU
		{AD114284-43C9-42F1-9AD6-FCAFB43764BA}.Debug|Any CPU.Build.0 = Debug|Any CPU
		{AD114284-43C9-42F1-9AD6-FCAFB43764BA}.Release|Any CPU.ActiveCfg = Release|Any CPU
		{AD114284-43C9-42F1-9AD6-FCAFB43764BA}.Release|Any CPU.Build.0 = Release|Any CPU
		{A0AAC013-0DF2-44FF-A625-3F361C89C065}.Debug|Any CPU.ActiveCfg = Debug|Any CPU
		{A0AAC013-0DF2-44FF-A625-3F361C89C065}.Debug|Any CPU.Build.0 = Debug|Any CPU
		{A0AAC013-0DF2-44FF-A625-3F361C89C065}.Release|Any CPU.ActiveCfg = Release|Any CPU
		{A0AAC013-0DF2-44FF-A625-3F361C89C065}.Release|Any CPU.Build.0 = Release|Any CPU
		{81DDED9D-158B-E303-5F62-77A2896D2A5A}.Debug|Any CPU.ActiveCfg = Debug|Any CPU
		{81DDED9D-158B-E303-5F62-77A2896D2A5A}.Debug|Any CPU.Build.0 = Debug|Any CPU
		{81DDED9D-158B-E303-5F62-77A2896D2A5A}.Release|Any CPU.ActiveCfg = Release|Any CPU
		{81DDED9D-158B-E303-5F62-77A2896D2A5A}.Release|Any CPU.Build.0 = Release|Any CPU
		{1B0A04C3-E6BC-0FB7-7994-7C99BDAB1788}.Debug|Any CPU.ActiveCfg = Debug|Any CPU
		{1B0A04C3-E6BC-0FB7-7994-7C99BDAB1788}.Debug|Any CPU.Build.0 = Debug|Any CPU
		{1B0A04C3-E6BC-0FB7-7994-7C99BDAB1788}.Release|Any CPU.ActiveCfg = Release|Any CPU
		{1B0A04C3-E6BC-0FB7-7994-7C99BDAB1788}.Release|Any CPU.Build.0 = Release|Any CPU
		{B080CB40-7A2E-DA7A-BEB8-4707E193B2BD}.Debug|Any CPU.ActiveCfg = Debug|Any CPU
		{B080CB40-7A2E-DA7A-BEB8-4707E193B2BD}.Debug|Any CPU.Build.0 = Debug|Any CPU
		{B080CB40-7A2E-DA7A-BEB8-4707E193B2BD}.Release|Any CPU.ActiveCfg = Release|Any CPU
		{B080CB40-7A2E-DA7A-BEB8-4707E193B2BD}.Release|Any CPU.Build.0 = Release|Any CPU
		{0B8C18BE-A27C-BAC7-FD37-7945FC72E193}.Debug|Any CPU.ActiveCfg = Debug|Any CPU
		{0B8C18BE-A27C-BAC7-FD37-7945FC72E193}.Debug|Any CPU.Build.0 = Debug|Any CPU
		{0B8C18BE-A27C-BAC7-FD37-7945FC72E193}.Release|Any CPU.ActiveCfg = Release|Any CPU
		{0B8C18BE-A27C-BAC7-FD37-7945FC72E193}.Release|Any CPU.Build.0 = Release|Any CPU
	EndGlobalSection
	GlobalSection(SolutionProperties) = preSolution
		HideSolutionNode = FALSE
	EndGlobalSection
	GlobalSection(NestedProjects) = preSolution
		{AD114284-43C9-42F1-9AD6-FCAFB43764BA} = {02EA681E-C7D8-13C7-8484-4AC65E1B71E8}
		{A0AAC013-0DF2-44FF-A625-3F361C89C065} = {02EA681E-C7D8-13C7-8484-4AC65E1B71E8}
		{1B0A04C3-E6BC-0FB7-7994-7C99BDAB1788} = {02EA681E-C7D8-13C7-8484-4AC65E1B71E8}
		{B080CB40-7A2E-DA7A-BEB8-4707E193B2BD} = {02EA681E-C7D8-13C7-8484-4AC65E1B71E8}
		{0B8C18BE-A27C-BAC7-FD37-7945FC72E193} = {EB9B82A4-7E57-4959-81CC-EA0CFE7B9715}
	EndGlobalSection
	GlobalSection(ExtensibilityGlobals) = postSolution
		SolutionGuid = {4C9100AA-D0B5-449E-AF7A-4CA18FDA2531}
	EndGlobalSection
EndGlobal
