
Microsoft Visual Studio Solution File, Format Version 12.00
# Visual Studio Version 17
VisualStudioVersion = 17.9.34622.214
MinimumVisualStudioVersion = 10.0.40219.1
Project("{2150E333-8FDC-42A3-9474-1A3956D46DE8}") = "Solution Items", "Solution Items", "{8EC462FD-D22E-90A8-E5CE-7E832BA40C5D}"
	ProjectSection(SolutionItems) = preProject
		Directory.Packages.props = Directory.Packages.props
	EndProjectSection
EndProject
Project("{2150E333-8FDC-42A3-9474-1A3956D46DE8}") = "src", "src", "{02EA681E-C7D8-13C7-8484-4AC65E1B71E8}"
EndProject
Project("{2150E333-8FDC-42A3-9474-1A3956D46DE8}") = "tests", "tests", "{EB9B82A4-7E57-4959-81CC-EA0CFE7B9715}"
EndProject
Project("{FAE04EC0-301F-11D3-BF4B-00C04F79EFBC}") = "WebApi", "src\WebApi\WebApi.csproj", "{1B0A04C3-E6BC-0FB7-7994-7C99BDAB1788}"
EndProject
Project("{FAE04EC0-301F-11D3-BF4B-00C04F79EFBC}") = "AuthApi", "src\AuthApi\AuthApi.csproj", "{B080CB40-7A2E-DA7A-BEB8-4707E193B2BD}"
EndProject
Project("{FAE04EC0-301F-11D3-BF4B-00C04F79EFBC}") = "Domain", "src\Domain\Domain.csproj", "{87EDA1D2-4B5B-E524-38CE-D0BFCA5F4D6B}"
EndProject
Project("{FAE04EC0-301F-11D3-BF4B-00C04F79EFBC}") = "Infrastructure", "src\Infrastructure\Infrastructure.csproj", "{3D745DFE-AF9A-E111-755D-FD3FFF280728}"
EndProject
Project("{FAE04EC0-301F-11D3-BF4B-00C04F79EFBC}") = "WebApi.Unit.Tests", "tests\WebApi.Unit.Tests.csproj", "{44A3C1C8-65A9-A1C7-8C54-4EEA4486343C}"
EndProject
Project("{E53339B2-1760-4266-BCC7-CA923CBCF16C}") = "docker-compose", "docker-compose.dcproj", "{81DDED9D-158B-E303-5F62-77A2896D2A5A}"
EndProject
Global
	GlobalSection(SolutionConfigurationPlatforms) = preSolution
		Debug|Any CPU = Debug|Any CPU
		Release|Any CPU = Release|Any CPU
	EndGlobalSection
	GlobalSection(ProjectConfigurationPlatforms) = postSolution
		{1B0A04C3-E6BC-0FB7-7994-7C99BDAB1788}.Debug|Any CPU.ActiveCfg = Debug|Any CPU
		{1B0A04C3-E6BC-0FB7-7994-7C99BDAB1788}.Debug|Any CPU.Build.0 = Debug|Any CPU
		{1B0A04C3-E6BC-0FB7-7994-7C99BDAB1788}.Release|Any CPU.ActiveCfg = Release|Any CPU
		{1B0A04C3-E6BC-0FB7-7994-7C99BDAB1788}.Release|Any CPU.Build.0 = Release|Any CPU
		{B080CB40-7A2E-DA7A-BEB8-4707E193B2BD}.Debug|Any CPU.ActiveCfg = Debug|Any CPU
		{B080CB40-7A2E-DA7A-BEB8-4707E193B2BD}.Debug|Any CPU.Build.0 = Debug|Any CPU
		{B080CB40-7A2E-DA7A-BEB8-4707E193B2BD}.Release|Any CPU.ActiveCfg = Release|Any CPU
		{B080CB40-7A2E-DA7A-BEB8-4707E193B2BD}.Release|Any CPU.Build.0 = Release|Any CPU
		{87EDA1D2-4B5B-E524-38CE-D0BFCA5F4D6B}.Debug|Any CPU.ActiveCfg = Debug|Any CPU
		{87EDA1D2-4B5B-E524-38CE-D0BFCA5F4D6B}.Debug|Any CPU.Build.0 = Debug|Any CPU
		{87EDA1D2-4B5B-E524-38CE-D0BFCA5F4D6B}.Release|Any CPU.ActiveCfg = Release|Any CPU
		{87EDA1D2-4B5B-E524-38CE-D0BFCA5F4D6B}.Release|Any CPU.Build.0 = Release|Any CPU
		{3D745DFE-AF9A-E111-755D-FD3FFF280728}.Debug|Any CPU.ActiveCfg = Debug|Any CPU
		{3D745DFE-AF9A-E111-755D-FD3FFF280728}.Debug|Any CPU.Build.0 = Debug|Any CPU
		{3D745DFE-AF9A-E111-755D-FD3FFF280728}.Release|Any CPU.ActiveCfg = Release|Any CPU
		{3D745DFE-AF9A-E111-755D-FD3FFF280728}.Release|Any CPU.Build.0 = Release|Any CPU
		{44A3C1C8-65A9-A1C7-8C54-4EEA4486343C}.Debug|Any CPU.ActiveCfg = Debug|Any CPU
		{44A3C1C8-65A9-A1C7-8C54-4EEA4486343C}.Debug|Any CPU.Build.0 = Debug|Any CPU
		{44A3C1C8-65A9-A1C7-8C54-4EEA4486343C}.Release|Any CPU.ActiveCfg = Release|Any CPU
		{44A3C1C8-65A9-A1C7-8C54-4EEA4486343C}.Release|Any CPU.Build.0 = Release|Any CPU
		{81DDED9D-158B-E303-5F62-77A2896D2A5A}.Debug|Any CPU.ActiveCfg = Debug|Any CPU
		{81DDED9D-158B-E303-5F62-77A2896D2A5A}.Debug|Any CPU.Build.0 = Debug|Any CPU
		{81DDED9D-158B-E303-5F62-77A2896D2A5A}.Release|Any CPU.ActiveCfg = Release|Any CPU
		{81DDED9D-158B-E303-5F62-77A2896D2A5A}.Release|Any CPU.Build.0 = Release|Any CPU
	EndGlobalSection
	GlobalSection(SolutionProperties) = preSolution
		HideSolutionNode = FALSE
	EndGlobalSection
	GlobalSection(NestedProjects) = preSolution
		{1B0A04C3-E6BC-0FB7-7994-7C99BDAB1788} = {02EA681E-C7D8-13C7-8484-4AC65E1B71E8}
		{B080CB40-7A2E-DA7A-BEB8-4707E193B2BD} = {02EA681E-C7D8-13C7-8484-4AC65E1B71E8}
		{87EDA1D2-4B5B-E524-38CE-D0BFCA5F4D6B} = {02EA681E-C7D8-13C7-8484-4AC65E1B71E8}
		{3D745DFE-AF9A-E111-755D-FD3FFF280728} = {02EA681E-C7D8-13C7-8484-4AC65E1B71E8}
		{44A3C1C8-65A9-A1C7-8C54-4EEA4486343C} = {EB9B82A4-7E57-4959-81CC-EA0CFE7B9715}
	EndGlobalSection
	GlobalSection(ExtensibilityGlobals) = postSolution
		SolutionGuid = {4C9100AA-D0B5-449E-AF7A-4CA18FDA2531}
	EndGlobalSection
EndGlobal
